
Microsoft Visual Studio Solution File, Format Version 12.00
# Visual Studio Version 16
VisualStudioVersion = 16.0.31911.196
MinimumVisualStudioVersion = 10.0.40219.1
Project("{FAE04EC0-301F-11D3-BF4B-00C04F79EFBC}") = "TicTacToeConsoleRL", "TicTacToeConsoleRL.csproj", "{D794E76C-D15E-4542-933C-307C18ACA223}"
EndProject
Global
	GlobalSection(SolutionConfigurationPlatforms) = preSolution
		Debug|Any CPU = Debug|Any CPU
		Release|Any CPU = Release|Any CPU
	EndGlobalSection
	GlobalSection(ProjectConfigurationPlatforms) = postSolution
		{D794E76C-D15E-4542-933C-307C18ACA223}.Debug|Any CPU.ActiveCfg = Debug|Any CPU
		{D794E76C-D15E-4542-933C-307C18ACA223}.Debug|Any CPU.Build.0 = Debug|Any CPU
		{D794E76C-D15E-4542-933C-307C18ACA223}.Release|Any CPU.ActiveCfg = Release|Any CPU
		{D794E76C-D15E-4542-933C-307C18ACA223}.Release|Any CPU.Build.0 = Release|Any CPU
	EndGlobalSection
	GlobalSection(SolutionProperties) = preSolution
		HideSolutionNode = FALSE
	EndGlobalSection
	GlobalSection(ExtensibilityGlobals) = postSolution
		SolutionGuid = {DDCDF746-7EA7-4548-9A47-82425CBE2DF0}
	EndGlobalSection
EndGlobal
